
Microsoft Visual Studio Solution File, Format Version 12.00
# Visual Studio Version 17
VisualStudioVersion = 17.0.32014.148
MinimumVisualStudioVersion = 10.0.40219.1
Project("{C7167F0D-BC9F-4E6E-AFE1-012C56B48DB5}") = "APKHelper (Package)", "APKHelper (Package)\APKHelper (Package).wapproj", "{D85C4951-0D8A-435D-8B64-D68887637C98}"
EndProject
Project("{9A19103F-16F7-4668-BE54-9A1E7A4F7556}") = "APKHelper", "APKHelper\APKHelper.csproj", "{7BFA2B30-3CF9-4EB9-9646-865897DC34DD}"
EndProject
Project("{FAE04EC0-301F-11D3-BF4B-00C04F79EFBC}") = "APKServer", "APKServer\APKServer.csproj", "{308BED8B-D339-4930-A1AD-67AE428BB916}"
EndProject
Project("{9A19103F-16F7-4668-BE54-9A1E7A4F7556}") = "Updater", "Updater\Updater.csproj", "{E814901B-E2AA-45C2-9669-52C65856797D}"
EndProject
Project("{9A19103F-16F7-4668-BE54-9A1E7A4F7556}") = "APKCommon", "APKCommon\APKCommon.csproj", "{BF04E36B-5D88-4991-9C87-BFC519284702}"
EndProject
Project("{9A19103F-16F7-4668-BE54-9A1E7A4F7556}") = "APKStandard", "APKStandard\APKStandard.csproj", "{8FA3DF68-E6EB-4CD5-A4BF-71B638AB1A52}"
EndProject
Project("{9A19103F-16F7-4668-BE54-9A1E7A4F7556}") = "APK.Datagrid", "APK.Datagrid\APK.Datagrid.csproj", "{88BE4EF9-ED76-4AE8-9C47-B80B316CE88E}"
EndProject
Global
	GlobalSection(SolutionConfigurationPlatforms) = preSolution
		Debug|Any CPU = Debug|Any CPU
		Debug|ARM = Debug|ARM
		Debug|arm64 = Debug|arm64
		Debug|x64 = Debug|x64
		Debug|x86 = Debug|x86
		Release|Any CPU = Release|Any CPU
		Release|ARM = Release|ARM
		Release|arm64 = Release|arm64
		Release|x64 = Release|x64
		Release|x86 = Release|x86
	EndGlobalSection
	GlobalSection(ProjectConfigurationPlatforms) = postSolution
		{D85C4951-0D8A-435D-8B64-D68887637C98}.Debug|Any CPU.ActiveCfg = Debug|x64
		{D85C4951-0D8A-435D-8B64-D68887637C98}.Debug|Any CPU.Build.0 = Debug|x64
		{D85C4951-0D8A-435D-8B64-D68887637C98}.Debug|Any CPU.Deploy.0 = Debug|x64
		{D85C4951-0D8A-435D-8B64-D68887637C98}.Debug|ARM.ActiveCfg = Debug|x64
		{D85C4951-0D8A-435D-8B64-D68887637C98}.Debug|ARM.Build.0 = Debug|x64
		{D85C4951-0D8A-435D-8B64-D68887637C98}.Debug|ARM.Deploy.0 = Debug|x64
		{D85C4951-0D8A-435D-8B64-D68887637C98}.Debug|arm64.ActiveCfg = Debug|arm64
		{D85C4951-0D8A-435D-8B64-D68887637C98}.Debug|arm64.Build.0 = Debug|arm64
		{D85C4951-0D8A-435D-8B64-D68887637C98}.Debug|arm64.Deploy.0 = Debug|arm64
		{D85C4951-0D8A-435D-8B64-D68887637C98}.Debug|x64.ActiveCfg = Debug|x64
		{D85C4951-0D8A-435D-8B64-D68887637C98}.Debug|x64.Build.0 = Debug|x64
		{D85C4951-0D8A-435D-8B64-D68887637C98}.Debug|x64.Deploy.0 = Debug|x64
		{D85C4951-0D8A-435D-8B64-D68887637C98}.Debug|x86.ActiveCfg = Debug|x86
		{D85C4951-0D8A-435D-8B64-D68887637C98}.Debug|x86.Build.0 = Debug|x86
		{D85C4951-0D8A-435D-8B64-D68887637C98}.Debug|x86.Deploy.0 = Debug|x86
		{D85C4951-0D8A-435D-8B64-D68887637C98}.Release|Any CPU.ActiveCfg = Release|x64
		{D85C4951-0D8A-435D-8B64-D68887637C98}.Release|Any CPU.Build.0 = Release|x64
		{D85C4951-0D8A-435D-8B64-D68887637C98}.Release|Any CPU.Deploy.0 = Release|x64
		{D85C4951-0D8A-435D-8B64-D68887637C98}.Release|ARM.ActiveCfg = Release|x64
		{D85C4951-0D8A-435D-8B64-D68887637C98}.Release|ARM.Build.0 = Release|x64
		{D85C4951-0D8A-435D-8B64-D68887637C98}.Release|ARM.Deploy.0 = Release|x64
		{D85C4951-0D8A-435D-8B64-D68887637C98}.Release|arm64.ActiveCfg = Release|arm64
		{D85C4951-0D8A-435D-8B64-D68887637C98}.Release|arm64.Build.0 = Release|arm64
		{D85C4951-0D8A-435D-8B64-D68887637C98}.Release|arm64.Deploy.0 = Release|arm64
		{D85C4951-0D8A-435D-8B64-D68887637C98}.Release|x64.ActiveCfg = Release|x64
		{D85C4951-0D8A-435D-8B64-D68887637C98}.Release|x64.Build.0 = Release|x64
		{D85C4951-0D8A-435D-8B64-D68887637C98}.Release|x64.Deploy.0 = Release|x64
		{D85C4951-0D8A-435D-8B64-D68887637C98}.Release|x86.ActiveCfg = Release|x86
		{D85C4951-0D8A-435D-8B64-D68887637C98}.Release|x86.Build.0 = Release|x86
		{D85C4951-0D8A-435D-8B64-D68887637C98}.Release|x86.Deploy.0 = Release|x86
		{7BFA2B30-3CF9-4EB9-9646-865897DC34DD}.Debug|Any CPU.ActiveCfg = Debug|x64
		{7BFA2B30-3CF9-4EB9-9646-865897DC34DD}.Debug|Any CPU.Build.0 = Debug|x64
		{7BFA2B30-3CF9-4EB9-9646-865897DC34DD}.Debug|ARM.ActiveCfg = Debug|x64
		{7BFA2B30-3CF9-4EB9-9646-865897DC34DD}.Debug|ARM.Build.0 = Debug|x64
		{7BFA2B30-3CF9-4EB9-9646-865897DC34DD}.Debug|arm64.ActiveCfg = Debug|arm64
		{7BFA2B30-3CF9-4EB9-9646-865897DC34DD}.Debug|arm64.Build.0 = Debug|arm64
		{7BFA2B30-3CF9-4EB9-9646-865897DC34DD}.Debug|x64.ActiveCfg = Debug|x64
		{7BFA2B30-3CF9-4EB9-9646-865897DC34DD}.Debug|x64.Build.0 = Debug|x64
		{7BFA2B30-3CF9-4EB9-9646-865897DC34DD}.Debug|x86.ActiveCfg = Debug|x86
		{7BFA2B30-3CF9-4EB9-9646-865897DC34DD}.Debug|x86.Build.0 = Debug|x86
		{7BFA2B30-3CF9-4EB9-9646-865897DC34DD}.Release|Any CPU.ActiveCfg = Release|x64
		{7BFA2B30-3CF9-4EB9-9646-865897DC34DD}.Release|Any CPU.Build.0 = Release|x64
		{7BFA2B30-3CF9-4EB9-9646-865897DC34DD}.Release|ARM.ActiveCfg = Release|x64
		{7BFA2B30-3CF9-4EB9-9646-865897DC34DD}.Release|ARM.Build.0 = Release|x64
		{7BFA2B30-3CF9-4EB9-9646-865897DC34DD}.Release|arm64.ActiveCfg = Release|arm64
		{7BFA2B30-3CF9-4EB9-9646-865897DC34DD}.Release|arm64.Build.0 = Release|arm64
		{7BFA2B30-3CF9-4EB9-9646-865897DC34DD}.Release|x64.ActiveCfg = Release|x64
		{7BFA2B30-3CF9-4EB9-9646-865897DC34DD}.Release|x64.Build.0 = Release|x64
		{7BFA2B30-3CF9-4EB9-9646-865897DC34DD}.Release|x86.ActiveCfg = Release|x86
		{7BFA2B30-3CF9-4EB9-9646-865897DC34DD}.Release|x86.Build.0 = Release|x86
		{308BED8B-D339-4930-A1AD-67AE428BB916}.Debug|Any CPU.ActiveCfg = Debug|Any CPU
		{308BED8B-D339-4930-A1AD-67AE428BB916}.Debug|Any CPU.Build.0 = Debug|Any CPU
		{308BED8B-D339-4930-A1AD-67AE428BB916}.Debug|ARM.ActiveCfg = Debug|Any CPU
		{308BED8B-D339-4930-A1AD-67AE428BB916}.Debug|ARM.Build.0 = Debug|Any CPU
		{308BED8B-D339-4930-A1AD-67AE428BB916}.Debug|arm64.ActiveCfg = Debug|Any CPU
		{308BED8B-D339-4930-A1AD-67AE428BB916}.Debug|arm64.Build.0 = Debug|Any CPU
		{308BED8B-D339-4930-A1AD-67AE428BB916}.Debug|x64.ActiveCfg = Debug|Any CPU
		{308BED8B-D339-4930-A1AD-67AE428BB916}.Debug|x64.Build.0 = Debug|Any CPU
		{308BED8B-D339-4930-A1AD-67AE428BB916}.Debug|x86.ActiveCfg = Debug|x86
		{308BED8B-D339-4930-A1AD-67AE428BB916}.Debug|x86.Build.0 = Debug|x86
		{308BED8B-D339-4930-A1AD-67AE428BB916}.Release|Any CPU.ActiveCfg = Release|Any CPU
		{308BED8B-D339-4930-A1AD-67AE428BB916}.Release|Any CPU.Build.0 = Release|Any CPU
		{308BED8B-D339-4930-A1AD-67AE428BB916}.Release|ARM.ActiveCfg = Release|Any CPU
		{308BED8B-D339-4930-A1AD-67AE428BB916}.Release|ARM.Build.0 = Release|Any CPU
		{308BED8B-D339-4930-A1AD-67AE428BB916}.Release|arm64.ActiveCfg = Release|Any CPU
		{308BED8B-D339-4930-A1AD-67AE428BB916}.Release|arm64.Build.0 = Release|Any CPU
		{308BED8B-D339-4930-A1AD-67AE428BB916}.Release|x64.ActiveCfg = Release|Any CPU
		{308BED8B-D339-4930-A1AD-67AE428BB916}.Release|x64.Build.0 = Release|Any CPU
		{308BED8B-D339-4930-A1AD-67AE428BB916}.Release|x86.ActiveCfg = Release|x86
		{308BED8B-D339-4930-A1AD-67AE428BB916}.Release|x86.Build.0 = Release|x86
		{E814901B-E2AA-45C2-9669-52C65856797D}.Debug|Any CPU.ActiveCfg = Debug|x64
		{E814901B-E2AA-45C2-9669-52C65856797D}.Debug|Any CPU.Build.0 = Debug|x64
		{E814901B-E2AA-45C2-9669-52C65856797D}.Debug|Any CPU.Deploy.0 = Debug|x64
		{E814901B-E2AA-45C2-9669-52C65856797D}.Debug|ARM.ActiveCfg = Debug|x64
		{E814901B-E2AA-45C2-9669-52C65856797D}.Debug|ARM.Build.0 = Debug|x64
		{E814901B-E2AA-45C2-9669-52C65856797D}.Debug|ARM.Deploy.0 = Debug|x64
		{E814901B-E2AA-45C2-9669-52C65856797D}.Debug|arm64.ActiveCfg = Debug|arm64
		{E814901B-E2AA-45C2-9669-52C65856797D}.Debug|arm64.Build.0 = Debug|arm64
		{E814901B-E2AA-45C2-9669-52C65856797D}.Debug|arm64.Deploy.0 = Debug|arm64
		{E814901B-E2AA-45C2-9669-52C65856797D}.Debug|x64.ActiveCfg = Debug|x64
		{E814901B-E2AA-45C2-9669-52C65856797D}.Debug|x64.Build.0 = Debug|x64
		{E814901B-E2AA-45C2-9669-52C65856797D}.Debug|x64.Deploy.0 = Debug|x64
		{E814901B-E2AA-45C2-9669-52C65856797D}.Debug|x86.ActiveCfg = Debug|x86
		{E814901B-E2AA-45C2-9669-52C65856797D}.Release|Any CPU.ActiveCfg = Release|x64
		{E814901B-E2AA-45C2-9669-52C65856797D}.Release|Any CPU.Build.0 = Release|x64
		{E814901B-E2AA-45C2-9669-52C65856797D}.Release|Any CPU.Deploy.0 = Release|x64
		{E814901B-E2AA-45C2-9669-52C65856797D}.Release|ARM.ActiveCfg = Release|x64
		{E814901B-E2AA-45C2-9669-52C65856797D}.Release|ARM.Build.0 = Release|x64
		{E814901B-E2AA-45C2-9669-52C65856797D}.Release|ARM.Deploy.0 = Release|x64
		{E814901B-E2AA-45C2-9669-52C65856797D}.Release|arm64.ActiveCfg = Release|arm64
		{E814901B-E2AA-45C2-9669-52C65856797D}.Release|arm64.Build.0 = Release|arm64
		{E814901B-E2AA-45C2-9669-52C65856797D}.Release|arm64.Deploy.0 = Release|arm64
		{E814901B-E2AA-45C2-9669-52C65856797D}.Release|x64.ActiveCfg = Release|x64
		{E814901B-E2AA-45C2-9669-52C65856797D}.Release|x64.Build.0 = Release|x64
		{E814901B-E2AA-45C2-9669-52C65856797D}.Release|x64.Deploy.0 = Release|x64
		{E814901B-E2AA-45C2-9669-52C65856797D}.Release|x86.ActiveCfg = Release|x86
		{BF04E36B-5D88-4991-9C87-BFC519284702}.Debug|Any CPU.ActiveCfg = Debug|Any CPU
		{BF04E36B-5D88-4991-9C87-BFC519284702}.Debug|Any CPU.Build.0 = Debug|Any CPU
		{BF04E36B-5D88-4991-9C87-BFC519284702}.Debug|ARM.ActiveCfg = Debug|Any CPU
		{BF04E36B-5D88-4991-9C87-BFC519284702}.Debug|ARM.Build.0 = Debug|Any CPU
		{BF04E36B-5D88-4991-9C87-BFC519284702}.Debug|arm64.ActiveCfg = Debug|Any CPU
		{BF04E36B-5D88-4991-9C87-BFC519284702}.Debug|arm64.Build.0 = Debug|Any CPU
		{BF04E36B-5D88-4991-9C87-BFC519284702}.Debug|x64.ActiveCfg = Debug|Any CPU
		{BF04E36B-5D88-4991-9C87-BFC519284702}.Debug|x64.Build.0 = Debug|Any CPU
		{BF04E36B-5D88-4991-9C87-BFC519284702}.Debug|x86.ActiveCfg = Debug|x86
		{BF04E36B-5D88-4991-9C87-BFC519284702}.Debug|x86.Build.0 = Debug|x86
		{BF04E36B-5D88-4991-9C87-BFC519284702}.Release|Any CPU.ActiveCfg = Release|Any CPU
		{BF04E36B-5D88-4991-9C87-BFC519284702}.Release|Any CPU.Build.0 = Release|Any CPU
		{BF04E36B-5D88-4991-9C87-BFC519284702}.Release|ARM.ActiveCfg = Release|Any CPU
		{BF04E36B-5D88-4991-9C87-BFC519284702}.Release|ARM.Build.0 = Release|Any CPU
		{BF04E36B-5D88-4991-9C87-BFC519284702}.Release|arm64.ActiveCfg = Release|Any CPU
		{BF04E36B-5D88-4991-9C87-BFC519284702}.Release|arm64.Build.0 = Release|Any CPU
		{BF04E36B-5D88-4991-9C87-BFC519284702}.Release|x64.ActiveCfg = Release|Any CPU
		{BF04E36B-5D88-4991-9C87-BFC519284702}.Release|x64.Build.0 = Release|Any CPU
		{BF04E36B-5D88-4991-9C87-BFC519284702}.Release|x86.ActiveCfg = Release|x86
		{BF04E36B-5D88-4991-9C87-BFC519284702}.Release|x86.Build.0 = Release|x86
		{8FA3DF68-E6EB-4CD5-A4BF-71B638AB1A52}.Debug|Any CPU.ActiveCfg = Debug|Any CPU
		{8FA3DF68-E6EB-4CD5-A4BF-71B638AB1A52}.Debug|Any CPU.Build.0 = Debug|Any CPU
		{8FA3DF68-E6EB-4CD5-A4BF-71B638AB1A52}.Debug|ARM.ActiveCfg = Debug|Any CPU
		{8FA3DF68-E6EB-4CD5-A4BF-71B638AB1A52}.Debug|ARM.Build.0 = Debug|Any CPU
		{8FA3DF68-E6EB-4CD5-A4BF-71B638AB1A52}.Debug|arm64.ActiveCfg = Debug|Any CPU
		{8FA3DF68-E6EB-4CD5-A4BF-71B638AB1A52}.Debug|arm64.Build.0 = Debug|Any CPU
		{8FA3DF68-E6EB-4CD5-A4BF-71B638AB1A52}.Debug|x64.ActiveCfg = Debug|Any CPU
		{8FA3DF68-E6EB-4CD5-A4BF-71B638AB1A52}.Debug|x64.Build.0 = Debug|Any CPU
		{8FA3DF68-E6EB-4CD5-A4BF-71B638AB1A52}.Debug|x86.ActiveCfg = Debug|x86
		{8FA3DF68-E6EB-4CD5-A4BF-71B638AB1A52}.Debug|x86.Build.0 = Debug|x86
		{8FA3DF68-E6EB-4CD5-A4BF-71B638AB1A52}.Release|Any CPU.ActiveCfg = Release|Any CPU
		{8FA3DF68-E6EB-4CD5-A4BF-71B638AB1A52}.Release|Any CPU.Build.0 = Release|Any CPU
		{8FA3DF68-E6EB-4CD5-A4BF-71B638AB1A52}.Release|ARM.ActiveCfg = Release|Any CPU
		{8FA3DF68-E6EB-4CD5-A4BF-71B638AB1A52}.Release|ARM.Build.0 = Release|Any CPU
		{8FA3DF68-E6EB-4CD5-A4BF-71B638AB1A52}.Release|arm64.ActiveCfg = Release|Any CPU
		{8FA3DF68-E6EB-4CD5-A4BF-71B638AB1A52}.Release|arm64.Build.0 = Release|Any CPU
		{8FA3DF68-E6EB-4CD5-A4BF-71B638AB1A52}.Release|x64.ActiveCfg = Release|Any CPU
		{8FA3DF68-E6EB-4CD5-A4BF-71B638AB1A52}.Release|x64.Build.0 = Release|Any CPU
		{8FA3DF68-E6EB-4CD5-A4BF-71B638AB1A52}.Release|x86.ActiveCfg = Release|x86
		{8FA3DF68-E6EB-4CD5-A4BF-71B638AB1A52}.Release|x86.Build.0 = Release|x86
		{88BE4EF9-ED76-4AE8-9C47-B80B316CE88E}.Debug|Any CPU.ActiveCfg = Debug|x64
		{88BE4EF9-ED76-4AE8-9C47-B80B316CE88E}.Debug|Any CPU.Build.0 = Debug|x64
		{88BE4EF9-ED76-4AE8-9C47-B80B316CE88E}.Debug|ARM.ActiveCfg = Debug|Any CPU
		{88BE4EF9-ED76-4AE8-9C47-B80B316CE88E}.Debug|ARM.Build.0 = Debug|Any CPU
		{88BE4EF9-ED76-4AE8-9C47-B80B316CE88E}.Debug|arm64.ActiveCfg = Debug|Any CPU
		{88BE4EF9-ED76-4AE8-9C47-B80B316CE88E}.Debug|arm64.Build.0 = Debug|Any CPU
		{88BE4EF9-ED76-4AE8-9C47-B80B316CE88E}.Debug|x64.ActiveCfg = Debug|x64
		{88BE4EF9-ED76-4AE8-9C47-B80B316CE88E}.Debug|x64.Build.0 = Debug|x64
		{88BE4EF9-ED76-4AE8-9C47-B80B316CE88E}.Debug|x86.ActiveCfg = Debug|Any CPU
		{88BE4EF9-ED76-4AE8-9C47-B80B316CE88E}.Release|Any CPU.ActiveCfg = Release|Any CPU
		{88BE4EF9-ED76-4AE8-9C47-B80B316CE88E}.Release|Any CPU.Build.0 = Release|Any CPU
		{88BE4EF9-ED76-4AE8-9C47-B80B316CE88E}.Release|ARM.ActiveCfg = Release|Any CPU
		{88BE4EF9-ED76-4AE8-9C47-B80B316CE88E}.Release|ARM.Build.0 = Release|Any CPU
		{88BE4EF9-ED76-4AE8-9C47-B80B316CE88E}.Release|arm64.ActiveCfg = Release|Any CPU
		{88BE4EF9-ED76-4AE8-9C47-B80B316CE88E}.Release|arm64.Build.0 = Release|Any CPU
		{88BE4EF9-ED76-4AE8-9C47-B80B316CE88E}.Release|x64.ActiveCfg = Release|x64
		{88BE4EF9-ED76-4AE8-9C47-B80B316CE88E}.Release|x64.Build.0 = Release|x64
		{88BE4EF9-ED76-4AE8-9C47-B80B316CE88E}.Release|x86.ActiveCfg = Release|Any CPU
	EndGlobalSection
	GlobalSection(SolutionProperties) = preSolution
		HideSolutionNode = FALSE
	EndGlobalSection
	GlobalSection(ExtensibilityGlobals) = postSolution
		SolutionGuid = {77644C20-BE33-4EFD-A2A7-9472308FFF9A}
	EndGlobalSection
EndGlobal
